
Microsoft Visual Studio Solution File, Format Version 12.00
# Visual Studio 15
VisualStudioVersion = 15.0.28307.1525
MinimumVisualStudioVersion = 10.0.40219.1
Project("{FAE04EC0-301F-11D3-BF4B-00C04F79EFBC}") = "test", "test\test.csproj", "{F539BD2D-9554-43B2-A266-E4A34694331E}"
EndProject
Global
	GlobalSection(SolutionConfigurationPlatforms) = preSolution
		Debug|Any CPU = Debug|Any CPU
		Release|Any CPU = Release|Any CPU
	EndGlobalSection
	GlobalSection(ProjectConfigurationPlatforms) = postSolution
		{F539BD2D-9554-43B2-A266-E4A34694331E}.Debug|Any CPU.ActiveCfg = Debug|Any CPU
		{F539BD2D-9554-43B2-A266-E4A34694331E}.Debug|Any CPU.Build.0 = Debug|Any CPU
		{F539BD2D-9554-43B2-A266-E4A34694331E}.Release|Any CPU.ActiveCfg = Release|Any CPU
		{F539BD2D-9554-43B2-A266-E4A34694331E}.Release|Any CPU.Build.0 = Release|Any CPU
	EndGlobalSection
	GlobalSection(SolutionProperties) = preSolution
		HideSolutionNode = FALSE
	EndGlobalSection
	GlobalSection(ExtensibilityGlobals) = postSolution
		SolutionGuid = {35B4BE7B-3EB3-4174-BD69-AC3A46B46C14}
	EndGlobalSection
EndGlobal
